
Microsoft Visual Studio Solution File, Format Version 12.00
# Visual Studio Version 16
VisualStudioVersion = 16.0.31205.134
MinimumVisualStudioVersion = 10.0.40219.1
Project("{8BC9CEB8-8B4A-11D0-8D11-00A0C91BC942}") = "SistemaMonitoreoGranjaModel", "SistemaMonitoreoGranjaModel\SistemaMonitoreoGranjaModel.vcxproj", "{97B0C873-8603-4CA2-B810-043FE77C9120}"
EndProject
Project("{8BC9CEB8-8B4A-11D0-8D11-00A0C91BC942}") = "SistemaMonitoreoGranjaView", "SistemaMonitoreoGranjaView\SistemaMonitoreoGranjaView.vcxproj", "{F115398E-219E-4DEB-B5BB-E6BFF0BB4242}"
EndProject
Project("{8BC9CEB8-8B4A-11D0-8D11-00A0C91BC942}") = "SistemaMonitoreoGranjaController", "SistemaMonitoreoGranjaController\SistemaMonitoreoGranjaController.vcxproj", "{43FFF19B-6197-4287-B8CC-A43E1182015F}"
EndProject
Global
	GlobalSection(SolutionConfigurationPlatforms) = preSolution
		Debug|x64 = Debug|x64
		Debug|x86 = Debug|x86
		Release|x64 = Release|x64
		Release|x86 = Release|x86
	EndGlobalSection
	GlobalSection(ProjectConfigurationPlatforms) = postSolution
		{97B0C873-8603-4CA2-B810-043FE77C9120}.Debug|x64.ActiveCfg = Debug|x64
		{97B0C873-8603-4CA2-B810-043FE77C9120}.Debug|x64.Build.0 = Debug|x64
		{97B0C873-8603-4CA2-B810-043FE77C9120}.Debug|x86.ActiveCfg = Debug|Win32
		{97B0C873-8603-4CA2-B810-043FE77C9120}.Debug|x86.Build.0 = Debug|Win32
		{97B0C873-8603-4CA2-B810-043FE77C9120}.Release|x64.ActiveCfg = Release|x64
		{97B0C873-8603-4CA2-B810-043FE77C9120}.Release|x64.Build.0 = Release|x64
		{97B0C873-8603-4CA2-B810-043FE77C9120}.Release|x86.ActiveCfg = Release|Win32
		{97B0C873-8603-4CA2-B810-043FE77C9120}.Release|x86.Build.0 = Release|Win32
		{F115398E-219E-4DEB-B5BB-E6BFF0BB4242}.Debug|x64.ActiveCfg = Debug|x64
		{F115398E-219E-4DEB-B5BB-E6BFF0BB4242}.Debug|x64.Build.0 = Debug|x64
		{F115398E-219E-4DEB-B5BB-E6BFF0BB4242}.Debug|x86.ActiveCfg = Debug|Win32
		{F115398E-219E-4DEB-B5BB-E6BFF0BB4242}.Debug|x86.Build.0 = Debug|Win32
		{F115398E-219E-4DEB-B5BB-E6BFF0BB4242}.Release|x64.ActiveCfg = Release|x64
		{F115398E-219E-4DEB-B5BB-E6BFF0BB4242}.Release|x64.Build.0 = Release|x64
		{F115398E-219E-4DEB-B5BB-E6BFF0BB4242}.Release|x86.ActiveCfg = Release|Win32
		{F115398E-219E-4DEB-B5BB-E6BFF0BB4242}.Release|x86.Build.0 = Release|Win32
		{43FFF19B-6197-4287-B8CC-A43E1182015F}.Debug|x64.ActiveCfg = Debug|x64
		{43FFF19B-6197-4287-B8CC-A43E1182015F}.Debug|x64.Build.0 = Debug|x64
		{43FFF19B-6197-4287-B8CC-A43E1182015F}.Debug|x86.ActiveCfg = Debug|Win32
		{43FFF19B-6197-4287-B8CC-A43E1182015F}.Debug|x86.Build.0 = Debug|Win32
		{43FFF19B-6197-4287-B8CC-A43E1182015F}.Release|x64.ActiveCfg = Release|x64
		{43FFF19B-6197-4287-B8CC-A43E1182015F}.Release|x64.Build.0 = Release|x64
		{43FFF19B-6197-4287-B8CC-A43E1182015F}.Release|x86.ActiveCfg = Release|Win32
		{43FFF19B-6197-4287-B8CC-A43E1182015F}.Release|x86.Build.0 = Release|Win32
	EndGlobalSection
	GlobalSection(SolutionProperties) = preSolution
		HideSolutionNode = FALSE
	EndGlobalSection
	GlobalSection(ExtensibilityGlobals) = postSolution
		SolutionGuid = {F1AF3E7A-7127-4127-BF9F-7C16B8D2F65C}
	EndGlobalSection
EndGlobal
